// !$*UTF8*$!
{
	archiveVersion = 1;
	classes = {
	};
	objectVersion = 56;
	objects = {

/* Begin PBXBuildFile section */
		C430711C2C1F87CC00F9E835 /* OneRepMaxUITests.swift in Sources */ = {isa = PBXBuildFile; fileRef = C430711A2C1F87CC00F9E835 /* OneRepMaxUITests.swift */; };
		C430711F2C1F89DF00F9E835 /* README.md in Resources */ = {isa = PBXBuildFile; fileRef = C430711E2C1F89DF00F9E835 /* README.md */; };
		C43475A72C1B84C500C7C557 /* OneRepMaxApp.swift in Sources */ = {isa = PBXBuildFile; fileRef = C43475A62C1B84C500C7C557 /* OneRepMaxApp.swift */; };
		C43475A92C1B84C500C7C557 /* HistoryService.swift in Sources */ = {isa = PBXBuildFile; fileRef = C43475A82C1B84C500C7C557 /* HistoryService.swift */; };
		C43475AB2C1B84C500C7C557 /* ExerciseListView.swift in Sources */ = {isa = PBXBuildFile; fileRef = C43475AA2C1B84C500C7C557 /* ExerciseListView.swift */; };
		C43475AD2C1B84C600C7C557 /* Assets.xcassets in Resources */ = {isa = PBXBuildFile; fileRef = C43475AC2C1B84C600C7C557 /* Assets.xcassets */; };
		C43475B02C1B84C600C7C557 /* Preview Assets.xcassets in Resources */ = {isa = PBXBuildFile; fileRef = C43475AF2C1B84C600C7C557 /* Preview Assets.xcassets */; };
		C43475BB2C1B84C600C7C557 /* WorkoutTests.swift in Sources */ = {isa = PBXBuildFile; fileRef = C43475BA2C1B84C600C7C557 /* WorkoutTests.swift */; };
		C43475D42C1B915F00C7C557 /* RootCoordinator.swift in Sources */ = {isa = PBXBuildFile; fileRef = C43475D32C1B915F00C7C557 /* RootCoordinator.swift */; };
		C43475D82C1B922A00C7C557 /* Workout.swift in Sources */ = {isa = PBXBuildFile; fileRef = C43475D72C1B922A00C7C557 /* Workout.swift */; };
		C43475DA2C1BAD3100C7C557 /* WorkoutHistory.swift in Sources */ = {isa = PBXBuildFile; fileRef = C43475D92C1BAD3100C7C557 /* WorkoutHistory.swift */; };
		C43475DC2C1C87CD00C7C557 /* WorkoutHistoryView.swift in Sources */ = {isa = PBXBuildFile; fileRef = C43475DB2C1C87CD00C7C557 /* WorkoutHistoryView.swift */; };
		C43475DE2C1CD8A400C7C557 /* WorkoutSummaryView.swift in Sources */ = {isa = PBXBuildFile; fileRef = C43475DD2C1CD8A400C7C557 /* WorkoutSummaryView.swift */; };
		C43475E02C1D4C2500C7C557 /* WelcomeView.swift in Sources */ = {isa = PBXBuildFile; fileRef = C43475DF2C1D4C2500C7C557 /* WelcomeView.swift */; };
		C43475E62C1DF8D500C7C557 /* Algorithms in Frameworks */ = {isa = PBXBuildFile; productRef = C43475E52C1DF8D500C7C557 /* Algorithms */; };
		C43475E92C1E271B00C7C557 /* ExerciseListView+ViewModel.swift in Sources */ = {isa = PBXBuildFile; fileRef = C43475E82C1E271B00C7C557 /* ExerciseListView+ViewModel.swift */; };
		C43475EC2C1E3EA400C7C557 /* WelcomeView+ViewModel.swift in Sources */ = {isa = PBXBuildFile; fileRef = C43475EB2C1E3EA400C7C557 /* WelcomeView+ViewModel.swift */; };
		C4B06D5D2C1E67A5009E6035 /* WorkoutHistoryView+ViewModel.swift in Sources */ = {isa = PBXBuildFile; fileRef = C4B06D5C2C1E67A5009E6035 /* WorkoutHistoryView+ViewModel.swift */; };
		C4DB65312C1F726700922E74 /* LoadProgressView.swift in Sources */ = {isa = PBXBuildFile; fileRef = C4DB65302C1F726700922E74 /* LoadProgressView.swift */; };
		C4DB65332C1F84B400922E74 /* WorkoutHistoryTests.swift in Sources */ = {isa = PBXBuildFile; fileRef = C4DB65322C1F84B400922E74 /* WorkoutHistoryTests.swift */; };
/* End PBXBuildFile section */

/* Begin PBXContainerItemProxy section */
		C43475B72C1B84C600C7C557 /* PBXContainerItemProxy */ = {
			isa = PBXContainerItemProxy;
			containerPortal = C434759B2C1B84C500C7C557 /* Project object */;
			proxyType = 1;
			remoteGlobalIDString = C43475A22C1B84C500C7C557;
			remoteInfo = OneRepMax;
		};
		C43475C12C1B84C600C7C557 /* PBXContainerItemProxy */ = {
			isa = PBXContainerItemProxy;
			containerPortal = C434759B2C1B84C500C7C557 /* Project object */;
			proxyType = 1;
			remoteGlobalIDString = C43475A22C1B84C500C7C557;
			remoteInfo = OneRepMax;
		};
/* End PBXContainerItemProxy section */

/* Begin PBXFileReference section */
		C430711A2C1F87CC00F9E835 /* OneRepMaxUITests.swift */ = {isa = PBXFileReference; fileEncoding = 4; lastKnownFileType = sourcecode.swift; path = OneRepMaxUITests.swift; sourceTree = "<group>"; };
		C430711E2C1F89DF00F9E835 /* README.md */ = {isa = PBXFileReference; fileEncoding = 4; lastKnownFileType = net.daringfireball.markdown; path = README.md; sourceTree = "<group>"; };
		C43475A32C1B84C500C7C557 /* OneRepMax.app */ = {isa = PBXFileReference; explicitFileType = wrapper.application; includeInIndex = 0; path = OneRepMax.app; sourceTree = BUILT_PRODUCTS_DIR; };
		C43475A62C1B84C500C7C557 /* OneRepMaxApp.swift */ = {isa = PBXFileReference; lastKnownFileType = sourcecode.swift; path = OneRepMaxApp.swift; sourceTree = "<group>"; };
		C43475A82C1B84C500C7C557 /* HistoryService.swift */ = {isa = PBXFileReference; lastKnownFileType = sourcecode.swift; path = HistoryService.swift; sourceTree = "<group>"; };
		C43475AA2C1B84C500C7C557 /* ExerciseListView.swift */ = {isa = PBXFileReference; lastKnownFileType = sourcecode.swift; path = ExerciseListView.swift; sourceTree = "<group>"; };
		C43475AC2C1B84C600C7C557 /* Assets.xcassets */ = {isa = PBXFileReference; lastKnownFileType = folder.assetcatalog; path = Assets.xcassets; sourceTree = "<group>"; };
		C43475AF2C1B84C600C7C557 /* Preview Assets.xcassets */ = {isa = PBXFileReference; lastKnownFileType = folder.assetcatalog; path = "Preview Assets.xcassets"; sourceTree = "<group>"; };
		C43475B12C1B84C600C7C557 /* Info.plist */ = {isa = PBXFileReference; lastKnownFileType = text.plist.xml; path = Info.plist; sourceTree = "<group>"; };
		C43475B62C1B84C600C7C557 /* OneRepMaxTests.xctest */ = {isa = PBXFileReference; explicitFileType = wrapper.cfbundle; includeInIndex = 0; path = OneRepMaxTests.xctest; sourceTree = BUILT_PRODUCTS_DIR; };
		C43475BA2C1B84C600C7C557 /* WorkoutTests.swift */ = {isa = PBXFileReference; lastKnownFileType = sourcecode.swift; path = WorkoutTests.swift; sourceTree = "<group>"; };
		C43475C02C1B84C600C7C557 /* OneRepMaxUITests.xctest */ = {isa = PBXFileReference; explicitFileType = wrapper.cfbundle; includeInIndex = 0; path = OneRepMaxUITests.xctest; sourceTree = BUILT_PRODUCTS_DIR; };
		C43475D32C1B915F00C7C557 /* RootCoordinator.swift */ = {isa = PBXFileReference; lastKnownFileType = sourcecode.swift; path = RootCoordinator.swift; sourceTree = "<group>"; };
		C43475D72C1B922A00C7C557 /* Workout.swift */ = {isa = PBXFileReference; lastKnownFileType = sourcecode.swift; path = Workout.swift; sourceTree = "<group>"; };
		C43475D92C1BAD3100C7C557 /* WorkoutHistory.swift */ = {isa = PBXFileReference; lastKnownFileType = sourcecode.swift; path = WorkoutHistory.swift; sourceTree = "<group>"; };
		C43475DB2C1C87CD00C7C557 /* WorkoutHistoryView.swift */ = {isa = PBXFileReference; lastKnownFileType = sourcecode.swift; path = WorkoutHistoryView.swift; sourceTree = "<group>"; };
		C43475DD2C1CD8A400C7C557 /* WorkoutSummaryView.swift */ = {isa = PBXFileReference; lastKnownFileType = sourcecode.swift; path = WorkoutSummaryView.swift; sourceTree = "<group>"; };
		C43475DF2C1D4C2500C7C557 /* WelcomeView.swift */ = {isa = PBXFileReference; lastKnownFileType = sourcecode.swift; path = WelcomeView.swift; sourceTree = "<group>"; };
		C43475E82C1E271B00C7C557 /* ExerciseListView+ViewModel.swift */ = {isa = PBXFileReference; lastKnownFileType = sourcecode.swift; path = "ExerciseListView+ViewModel.swift"; sourceTree = "<group>"; };
		C43475EB2C1E3EA400C7C557 /* WelcomeView+ViewModel.swift */ = {isa = PBXFileReference; lastKnownFileType = sourcecode.swift; path = "WelcomeView+ViewModel.swift"; sourceTree = "<group>"; };
		C4B06D5C2C1E67A5009E6035 /* WorkoutHistoryView+ViewModel.swift */ = {isa = PBXFileReference; lastKnownFileType = sourcecode.swift; path = "WorkoutHistoryView+ViewModel.swift"; sourceTree = "<group>"; };
		C4DB65302C1F726700922E74 /* LoadProgressView.swift */ = {isa = PBXFileReference; lastKnownFileType = sourcecode.swift; path = LoadProgressView.swift; sourceTree = "<group>"; };
		C4DB65322C1F84B400922E74 /* WorkoutHistoryTests.swift */ = {isa = PBXFileReference; lastKnownFileType = sourcecode.swift; path = WorkoutHistoryTests.swift; sourceTree = "<group>"; };
/* End PBXFileReference section */

/* Begin PBXFrameworksBuildPhase section */
		C43475A02C1B84C500C7C557 /* Frameworks */ = {
			isa = PBXFrameworksBuildPhase;
			buildActionMask = 2147483647;
			files = (
				C43475E62C1DF8D500C7C557 /* Algorithms in Frameworks */,
			);
			runOnlyForDeploymentPostprocessing = 0;
		};
		C43475B32C1B84C600C7C557 /* Frameworks */ = {
			isa = PBXFrameworksBuildPhase;
			buildActionMask = 2147483647;
			files = (
			);
			runOnlyForDeploymentPostprocessing = 0;
		};
		C43475BD2C1B84C600C7C557 /* Frameworks */ = {
			isa = PBXFrameworksBuildPhase;
			buildActionMask = 2147483647;
			files = (
			);
			runOnlyForDeploymentPostprocessing = 0;
		};
/* End PBXFrameworksBuildPhase section */

/* Begin PBXGroup section */
		C434759A2C1B84C500C7C557 = {
			isa = PBXGroup;
			children = (
				C430711E2C1F89DF00F9E835 /* README.md */,
				C43475A52C1B84C500C7C557 /* OneRepMax */,
				C43475B92C1B84C600C7C557 /* OneRepMaxTests */,
				C43475C32C1B84C600C7C557 /* OneRepMaxUITests */,
				C43475A42C1B84C500C7C557 /* Products */,
				C43475E42C1DF8D500C7C557 /* Frameworks */,
			);
			sourceTree = "<group>";
		};
		C43475A42C1B84C500C7C557 /* Products */ = {
			isa = PBXGroup;
			children = (
				C43475A32C1B84C500C7C557 /* OneRepMax.app */,
				C43475B62C1B84C600C7C557 /* OneRepMaxTests.xctest */,
				C43475C02C1B84C600C7C557 /* OneRepMaxUITests.xctest */,
			);
			name = Products;
			sourceTree = "<group>";
		};
		C43475A52C1B84C500C7C557 /* OneRepMax */ = {
			isa = PBXGroup;
			children = (
				C4DB652F2C1F52A300922E74 /* Services */,
				C43475D62C1B91C600C7C557 /* View */,
				C43475D52C1B91BE00C7C557 /* Model */,
				C43475A62C1B84C500C7C557 /* OneRepMaxApp.swift */,
				C43475D32C1B915F00C7C557 /* RootCoordinator.swift */,
				C43475AC2C1B84C600C7C557 /* Assets.xcassets */,
				C43475B12C1B84C600C7C557 /* Info.plist */,
				C43475AE2C1B84C600C7C557 /* Preview Content */,
			);
			path = OneRepMax;
			sourceTree = "<group>";
		};
		C43475AE2C1B84C600C7C557 /* Preview Content */ = {
			isa = PBXGroup;
			children = (
				C43475AF2C1B84C600C7C557 /* Preview Assets.xcassets */,
			);
			path = "Preview Content";
			sourceTree = "<group>";
		};
		C43475B92C1B84C600C7C557 /* OneRepMaxTests */ = {
			isa = PBXGroup;
			children = (
				C43475BA2C1B84C600C7C557 /* WorkoutTests.swift */,
				C4DB65322C1F84B400922E74 /* WorkoutHistoryTests.swift */,
			);
			path = OneRepMaxTests;
			sourceTree = "<group>";
		};
		C43475C32C1B84C600C7C557 /* OneRepMaxUITests */ = {
			isa = PBXGroup;
			children = (
				C430711A2C1F87CC00F9E835 /* OneRepMaxUITests.swift */,
			);
			path = OneRepMaxUITests;
			sourceTree = "<group>";
		};
		C43475D52C1B91BE00C7C557 /* Model */ = {
			isa = PBXGroup;
			children = (
				C43475D72C1B922A00C7C557 /* Workout.swift */,
				C43475D92C1BAD3100C7C557 /* WorkoutHistory.swift */,
			);
			path = Model;
			sourceTree = "<group>";
		};
		C43475D62C1B91C600C7C557 /* View */ = {
			isa = PBXGroup;
			children = (
				C43475E72C1E26F500C7C557 /* ExerciseLIstView */,
				C43475EA2C1E3E8F00C7C557 /* WelcomeView */,
				C4B06D5B2C1E6780009E6035 /* WorkoutHistoryView */,
				C43475DD2C1CD8A400C7C557 /* WorkoutSummaryView.swift */,
			);
			path = View;
			sourceTree = "<group>";
		};
		C43475E42C1DF8D500C7C557 /* Frameworks */ = {
			isa = PBXGroup;
			children = (
			);
			name = Frameworks;
			sourceTree = "<group>";
		};
		C43475E72C1E26F500C7C557 /* ExerciseLIstView */ = {
			isa = PBXGroup;
			children = (
				C43475AA2C1B84C500C7C557 /* ExerciseListView.swift */,
				C43475E82C1E271B00C7C557 /* ExerciseListView+ViewModel.swift */,
			);
			path = ExerciseLIstView;
			sourceTree = "<group>";
		};
		C43475EA2C1E3E8F00C7C557 /* WelcomeView */ = {
			isa = PBXGroup;
			children = (
				C43475DF2C1D4C2500C7C557 /* WelcomeView.swift */,
				C43475EB2C1E3EA400C7C557 /* WelcomeView+ViewModel.swift */,
				C4DB65302C1F726700922E74 /* LoadProgressView.swift */,
			);
			path = WelcomeView;
			sourceTree = "<group>";
		};
		C4B06D5B2C1E6780009E6035 /* WorkoutHistoryView */ = {
			isa = PBXGroup;
			children = (
				C43475DB2C1C87CD00C7C557 /* WorkoutHistoryView.swift */,
				C4B06D5C2C1E67A5009E6035 /* WorkoutHistoryView+ViewModel.swift */,
			);
			path = WorkoutHistoryView;
			sourceTree = "<group>";
		};
		C4DB652F2C1F52A300922E74 /* Services */ = {
			isa = PBXGroup;
			children = (
				C43475A82C1B84C500C7C557 /* HistoryService.swift */,
			);
			path = Services;
			sourceTree = "<group>";
		};
/* End PBXGroup section */

/* Begin PBXNativeTarget section */
		C43475A22C1B84C500C7C557 /* OneRepMax */ = {
			isa = PBXNativeTarget;
			buildConfigurationList = C43475CA2C1B84C600C7C557 /* Build configuration list for PBXNativeTarget "OneRepMax" */;
			buildPhases = (
				C434759F2C1B84C500C7C557 /* Sources */,
				C43475A02C1B84C500C7C557 /* Frameworks */,
				C43475A12C1B84C500C7C557 /* Resources */,
			);
			buildRules = (
			);
			dependencies = (
				C43475E32C1DF52100C7C557 /* PBXTargetDependency */,
			);
			name = OneRepMax;
			packageProductDependencies = (
				C43475E52C1DF8D500C7C557 /* Algorithms */,
			);
			productName = OneRepMax;
			productReference = C43475A32C1B84C500C7C557 /* OneRepMax.app */;
			productType = "com.apple.product-type.application";
		};
		C43475B52C1B84C600C7C557 /* OneRepMaxTests */ = {
			isa = PBXNativeTarget;
			buildConfigurationList = C43475CD2C1B84C600C7C557 /* Build configuration list for PBXNativeTarget "OneRepMaxTests" */;
			buildPhases = (
				C43475B22C1B84C600C7C557 /* Sources */,
				C43475B32C1B84C600C7C557 /* Frameworks */,
				C43475B42C1B84C600C7C557 /* Resources */,
			);
			buildRules = (
			);
			dependencies = (
				C43475B82C1B84C600C7C557 /* PBXTargetDependency */,
			);
			name = OneRepMaxTests;
			productName = OneRepMaxTests;
			productReference = C43475B62C1B84C600C7C557 /* OneRepMaxTests.xctest */;
			productType = "com.apple.product-type.bundle.unit-test";
		};
		C43475BF2C1B84C600C7C557 /* OneRepMaxUITests */ = {
			isa = PBXNativeTarget;
			buildConfigurationList = C43475D02C1B84C600C7C557 /* Build configuration list for PBXNativeTarget "OneRepMaxUITests" */;
			buildPhases = (
				C43475BC2C1B84C600C7C557 /* Sources */,
				C43475BD2C1B84C600C7C557 /* Frameworks */,
				C43475BE2C1B84C600C7C557 /* Resources */,
			);
			buildRules = (
			);
			dependencies = (
				C43475C22C1B84C600C7C557 /* PBXTargetDependency */,
			);
			name = OneRepMaxUITests;
			productName = OneRepMaxUITests;
			productReference = C43475C02C1B84C600C7C557 /* OneRepMaxUITests.xctest */;
			productType = "com.apple.product-type.bundle.ui-testing";
		};
/* End PBXNativeTarget section */

/* Begin PBXProject section */
		C434759B2C1B84C500C7C557 /* Project object */ = {
			isa = PBXProject;
			attributes = {
				BuildIndependentTargetsInParallel = 1;
				LastSwiftUpdateCheck = 1540;
				LastUpgradeCheck = 1540;
				TargetAttributes = {
					C43475A22C1B84C500C7C557 = {
						CreatedOnToolsVersion = 15.4;
					};
					C43475B52C1B84C600C7C557 = {
						CreatedOnToolsVersion = 15.4;
						TestTargetID = C43475A22C1B84C500C7C557;
					};
					C43475BF2C1B84C600C7C557 = {
						CreatedOnToolsVersion = 15.4;
						LastSwiftMigration = 1540;
						TestTargetID = C43475A22C1B84C500C7C557;
					};
				};
			};
			buildConfigurationList = C434759E2C1B84C500C7C557 /* Build configuration list for PBXProject "OneRepMax" */;
			compatibilityVersion = "Xcode 14.0";
			developmentRegion = en;
			hasScannedForEncodings = 0;
			knownRegions = (
				en,
				Base,
			);
			mainGroup = C434759A2C1B84C500C7C557;
			packageReferences = (
				C43475E12C1DF0C600C7C557 /* XCRemoteSwiftPackageReference "swift-algorithms" */,
			);
			productRefGroup = C43475A42C1B84C500C7C557 /* Products */;
			projectDirPath = "";
			projectRoot = "";
			targets = (
				C43475A22C1B84C500C7C557 /* OneRepMax */,
				C43475B52C1B84C600C7C557 /* OneRepMaxTests */,
				C43475BF2C1B84C600C7C557 /* OneRepMaxUITests */,
			);
		};
/* End PBXProject section */

/* Begin PBXResourcesBuildPhase section */
		C43475A12C1B84C500C7C557 /* Resources */ = {
			isa = PBXResourcesBuildPhase;
			buildActionMask = 2147483647;
			files = (
				C43475B02C1B84C600C7C557 /* Preview Assets.xcassets in Resources */,
				C43475AD2C1B84C600C7C557 /* Assets.xcassets in Resources */,
			);
			runOnlyForDeploymentPostprocessing = 0;
		};
		C43475B42C1B84C600C7C557 /* Resources */ = {
			isa = PBXResourcesBuildPhase;
			buildActionMask = 2147483647;
			files = (
			);
			runOnlyForDeploymentPostprocessing = 0;
		};
		C43475BE2C1B84C600C7C557 /* Resources */ = {
			isa = PBXResourcesBuildPhase;
			buildActionMask = 2147483647;
			files = (
				C430711F2C1F89DF00F9E835 /* README.md in Resources */,
			);
			runOnlyForDeploymentPostprocessing = 0;
		};
/* End PBXResourcesBuildPhase section */

/* Begin PBXSourcesBuildPhase section */
		C434759F2C1B84C500C7C557 /* Sources */ = {
			isa = PBXSourcesBuildPhase;
			buildActionMask = 2147483647;
			files = (
				C43475E92C1E271B00C7C557 /* ExerciseListView+ViewModel.swift in Sources */,
				C43475DA2C1BAD3100C7C557 /* WorkoutHistory.swift in Sources */,
				C4DB65312C1F726700922E74 /* LoadProgressView.swift in Sources */,
				C43475EC2C1E3EA400C7C557 /* WelcomeView+ViewModel.swift in Sources */,
				C43475D42C1B915F00C7C557 /* RootCoordinator.swift in Sources */,
				C43475A92C1B84C500C7C557 /* HistoryService.swift in Sources */,
				C43475A72C1B84C500C7C557 /* OneRepMaxApp.swift in Sources */,
				C43475E02C1D4C2500C7C557 /* WelcomeView.swift in Sources */,
				C43475D82C1B922A00C7C557 /* Workout.swift in Sources */,
				C4B06D5D2C1E67A5009E6035 /* WorkoutHistoryView+ViewModel.swift in Sources */,
				C43475DC2C1C87CD00C7C557 /* WorkoutHistoryView.swift in Sources */,
				C43475AB2C1B84C500C7C557 /* ExerciseListView.swift in Sources */,
				C43475DE2C1CD8A400C7C557 /* WorkoutSummaryView.swift in Sources */,
			);
			runOnlyForDeploymentPostprocessing = 0;
		};
		C43475B22C1B84C600C7C557 /* Sources */ = {
			isa = PBXSourcesBuildPhase;
			buildActionMask = 2147483647;
			files = (
				C4DB65332C1F84B400922E74 /* WorkoutHistoryTests.swift in Sources */,
				C43475BB2C1B84C600C7C557 /* WorkoutTests.swift in Sources */,
			);
			runOnlyForDeploymentPostprocessing = 0;
		};
		C43475BC2C1B84C600C7C557 /* Sources */ = {
			isa = PBXSourcesBuildPhase;
			buildActionMask = 2147483647;
			files = (
				C430711C2C1F87CC00F9E835 /* OneRepMaxUITests.swift in Sources */,
			);
			runOnlyForDeploymentPostprocessing = 0;
		};
/* End PBXSourcesBuildPhase section */

/* Begin PBXTargetDependency section */
		C43475B82C1B84C600C7C557 /* PBXTargetDependency */ = {
			isa = PBXTargetDependency;
			target = C43475A22C1B84C500C7C557 /* OneRepMax */;
			targetProxy = C43475B72C1B84C600C7C557 /* PBXContainerItemProxy */;
		};
		C43475C22C1B84C600C7C557 /* PBXTargetDependency */ = {
			isa = PBXTargetDependency;
			target = C43475A22C1B84C500C7C557 /* OneRepMax */;
			targetProxy = C43475C12C1B84C600C7C557 /* PBXContainerItemProxy */;
		};
		C43475E32C1DF52100C7C557 /* PBXTargetDependency */ = {
			isa = PBXTargetDependency;
			productRef = C43475E22C1DF52100C7C557 /* Algorithms */;
		};
/* End PBXTargetDependency section */

/* Begin XCBuildConfiguration section */
		C43475C82C1B84C600C7C557 /* Debug */ = {
			isa = XCBuildConfiguration;
			buildSettings = {
				ALWAYS_SEARCH_USER_PATHS = NO;
				ASSETCATALOG_COMPILER_GENERATE_SWIFT_ASSET_SYMBOL_EXTENSIONS = YES;
				CLANG_ANALYZER_NONNULL = YES;
				CLANG_ANALYZER_NUMBER_OBJECT_CONVERSION = YES_AGGRESSIVE;
				CLANG_CXX_LANGUAGE_STANDARD = "gnu++20";
				CLANG_ENABLE_MODULES = YES;
				CLANG_ENABLE_OBJC_ARC = YES;
				CLANG_ENABLE_OBJC_WEAK = YES;
				CLANG_WARN_BLOCK_CAPTURE_AUTORELEASING = YES;
				CLANG_WARN_BOOL_CONVERSION = YES;
				CLANG_WARN_COMMA = YES;
				CLANG_WARN_CONSTANT_CONVERSION = YES;
				CLANG_WARN_DEPRECATED_OBJC_IMPLEMENTATIONS = YES;
				CLANG_WARN_DIRECT_OBJC_ISA_USAGE = YES_ERROR;
				CLANG_WARN_DOCUMENTATION_COMMENTS = YES;
				CLANG_WARN_EMPTY_BODY = YES;
				CLANG_WARN_ENUM_CONVERSION = YES;
				CLANG_WARN_INFINITE_RECURSION = YES;
				CLANG_WARN_INT_CONVERSION = YES;
				CLANG_WARN_NON_LITERAL_NULL_CONVERSION = YES;
				CLANG_WARN_OBJC_IMPLICIT_RETAIN_SELF = YES;
				CLANG_WARN_OBJC_LITERAL_CONVERSION = YES;
				CLANG_WARN_OBJC_ROOT_CLASS = YES_ERROR;
				CLANG_WARN_QUOTED_INCLUDE_IN_FRAMEWORK_HEADER = YES;
				CLANG_WARN_RANGE_LOOP_ANALYSIS = YES;
				CLANG_WARN_STRICT_PROTOTYPES = YES;
				CLANG_WARN_SUSPICIOUS_MOVE = YES;
				CLANG_WARN_UNGUARDED_AVAILABILITY = YES_AGGRESSIVE;
				CLANG_WARN_UNREACHABLE_CODE = YES;
				CLANG_WARN__DUPLICATE_METHOD_MATCH = YES;
				COPY_PHASE_STRIP = NO;
				DEBUG_INFORMATION_FORMAT = dwarf;
				ENABLE_STRICT_OBJC_MSGSEND = YES;
				ENABLE_TESTABILITY = YES;
				ENABLE_USER_SCRIPT_SANDBOXING = YES;
				GCC_C_LANGUAGE_STANDARD = gnu17;
				GCC_DYNAMIC_NO_PIC = NO;
				GCC_NO_COMMON_BLOCKS = YES;
				GCC_OPTIMIZATION_LEVEL = 0;
				GCC_PREPROCESSOR_DEFINITIONS = (
					"DEBUG=1",
					"$(inherited)",
				);
				GCC_WARN_64_TO_32_BIT_CONVERSION = YES;
				GCC_WARN_ABOUT_RETURN_TYPE = YES_ERROR;
				GCC_WARN_UNDECLARED_SELECTOR = YES;
				GCC_WARN_UNINITIALIZED_AUTOS = YES_AGGRESSIVE;
				GCC_WARN_UNUSED_FUNCTION = YES;
				GCC_WARN_UNUSED_VARIABLE = YES;
				IPHONEOS_DEPLOYMENT_TARGET = 17.5;
				LOCALIZATION_PREFERS_STRING_CATALOGS = YES;
				MTL_ENABLE_DEBUG_INFO = INCLUDE_SOURCE;
				MTL_FAST_MATH = YES;
				ONLY_ACTIVE_ARCH = YES;
				SDKROOT = iphoneos;
				SWIFT_ACTIVE_COMPILATION_CONDITIONS = "DEBUG $(inherited)";
				SWIFT_OPTIMIZATION_LEVEL = "-Onone";
			};
			name = Debug;
		};
		C43475C92C1B84C600C7C557 /* Release */ = {
			isa = XCBuildConfiguration;
			buildSettings = {
				ALWAYS_SEARCH_USER_PATHS = NO;
				ASSETCATALOG_COMPILER_GENERATE_SWIFT_ASSET_SYMBOL_EXTENSIONS = YES;
				CLANG_ANALYZER_NONNULL = YES;
				CLANG_ANALYZER_NUMBER_OBJECT_CONVERSION = YES_AGGRESSIVE;
				CLANG_CXX_LANGUAGE_STANDARD = "gnu++20";
				CLANG_ENABLE_MODULES = YES;
				CLANG_ENABLE_OBJC_ARC = YES;
				CLANG_ENABLE_OBJC_WEAK = YES;
				CLANG_WARN_BLOCK_CAPTURE_AUTORELEASING = YES;
				CLANG_WARN_BOOL_CONVERSION = YES;
				CLANG_WARN_COMMA = YES;
				CLANG_WARN_CONSTANT_CONVERSION = YES;
				CLANG_WARN_DEPRECATED_OBJC_IMPLEMENTATIONS = YES;
				CLANG_WARN_DIRECT_OBJC_ISA_USAGE = YES_ERROR;
				CLANG_WARN_DOCUMENTATION_COMMENTS = YES;
				CLANG_WARN_EMPTY_BODY = YES;
				CLANG_WARN_ENUM_CONVERSION = YES;
				CLANG_WARN_INFINITE_RECURSION = YES;
				CLANG_WARN_INT_CONVERSION = YES;
				CLANG_WARN_NON_LITERAL_NULL_CONVERSION = YES;
				CLANG_WARN_OBJC_IMPLICIT_RETAIN_SELF = YES;
				CLANG_WARN_OBJC_LITERAL_CONVERSION = YES;
				CLANG_WARN_OBJC_ROOT_CLASS = YES_ERROR;
				CLANG_WARN_QUOTED_INCLUDE_IN_FRAMEWORK_HEADER = YES;
				CLANG_WARN_RANGE_LOOP_ANALYSIS = YES;
				CLANG_WARN_STRICT_PROTOTYPES = YES;
				CLANG_WARN_SUSPICIOUS_MOVE = YES;
				CLANG_WARN_UNGUARDED_AVAILABILITY = YES_AGGRESSIVE;
				CLANG_WARN_UNREACHABLE_CODE = YES;
				CLANG_WARN__DUPLICATE_METHOD_MATCH = YES;
				COPY_PHASE_STRIP = NO;
				DEBUG_INFORMATION_FORMAT = "dwarf-with-dsym";
				ENABLE_NS_ASSERTIONS = NO;
				ENABLE_STRICT_OBJC_MSGSEND = YES;
				ENABLE_USER_SCRIPT_SANDBOXING = YES;
				GCC_C_LANGUAGE_STANDARD = gnu17;
				GCC_NO_COMMON_BLOCKS = YES;
				GCC_WARN_64_TO_32_BIT_CONVERSION = YES;
				GCC_WARN_ABOUT_RETURN_TYPE = YES_ERROR;
				GCC_WARN_UNDECLARED_SELECTOR = YES;
				GCC_WARN_UNINITIALIZED_AUTOS = YES_AGGRESSIVE;
				GCC_WARN_UNUSED_FUNCTION = YES;
				GCC_WARN_UNUSED_VARIABLE = YES;
				IPHONEOS_DEPLOYMENT_TARGET = 17.5;
				LOCALIZATION_PREFERS_STRING_CATALOGS = YES;
				MTL_ENABLE_DEBUG_INFO = NO;
				MTL_FAST_MATH = YES;
				SDKROOT = iphoneos;
				SWIFT_COMPILATION_MODE = wholemodule;
				VALIDATE_PRODUCT = YES;
			};
			name = Release;
		};
		C43475CB2C1B84C600C7C557 /* Debug */ = {
			isa = XCBuildConfiguration;
			buildSettings = {
				ASSETCATALOG_COMPILER_APPICON_NAME = AppIcon;
				ASSETCATALOG_COMPILER_GLOBAL_ACCENT_COLOR_NAME = AccentColor;
				CODE_SIGN_STYLE = Automatic;
				CURRENT_PROJECT_VERSION = 1;
				DEVELOPMENT_ASSET_PATHS = "\"OneRepMax/Preview Content\"";
				DEVELOPMENT_TEAM = RZKCFGH3X3;
				ENABLE_PREVIEWS = YES;
				GENERATE_INFOPLIST_FILE = YES;
				INFOPLIST_FILE = OneRepMax/Info.plist;
				INFOPLIST_KEY_CFBundleDisplayName = "One Rep Max";
				INFOPLIST_KEY_LSApplicationCategoryType = "public.app-category.healthcare-fitness";
				INFOPLIST_KEY_UIApplicationSceneManifest_Generation = YES;
				INFOPLIST_KEY_UIApplicationSupportsIndirectInputEvents = YES;
				INFOPLIST_KEY_UILaunchScreen_Generation = YES;
				INFOPLIST_KEY_UISupportedInterfaceOrientations_iPad = "UIInterfaceOrientationPortrait UIInterfaceOrientationPortraitUpsideDown UIInterfaceOrientationLandscapeLeft UIInterfaceOrientationLandscapeRight";
				INFOPLIST_KEY_UISupportedInterfaceOrientations_iPhone = "UIInterfaceOrientationPortrait UIInterfaceOrientationLandscapeLeft UIInterfaceOrientationLandscapeRight";
				INFOPLIST_KEY_UISupportsDocumentBrowser = YES;
				LD_RUNPATH_SEARCH_PATHS = (
					"$(inherited)",
					"@executable_path/Frameworks",
				);
				MARKETING_VERSION = 0.5;
				PRODUCT_BUNDLE_IDENTIFIER = com.jcgatica.OneRepMax;
				PRODUCT_NAME = "$(TARGET_NAME)";
				SWIFT_EMIT_LOC_STRINGS = YES;
				SWIFT_VERSION = 5.0;
				TARGETED_DEVICE_FAMILY = "1,2";
			};
			name = Debug;
		};
		C43475CC2C1B84C600C7C557 /* Release */ = {
			isa = XCBuildConfiguration;
			buildSettings = {
				ASSETCATALOG_COMPILER_APPICON_NAME = AppIcon;
				ASSETCATALOG_COMPILER_GLOBAL_ACCENT_COLOR_NAME = AccentColor;
				CODE_SIGN_STYLE = Automatic;
				CURRENT_PROJECT_VERSION = 1;
				DEVELOPMENT_ASSET_PATHS = "\"OneRepMax/Preview Content\"";
				DEVELOPMENT_TEAM = RZKCFGH3X3;
				ENABLE_PREVIEWS = YES;
				GENERATE_INFOPLIST_FILE = YES;
				INFOPLIST_FILE = OneRepMax/Info.plist;
				INFOPLIST_KEY_CFBundleDisplayName = "One Rep Max";
				INFOPLIST_KEY_LSApplicationCategoryType = "public.app-category.healthcare-fitness";
				INFOPLIST_KEY_UIApplicationSceneManifest_Generation = YES;
				INFOPLIST_KEY_UIApplicationSupportsIndirectInputEvents = YES;
				INFOPLIST_KEY_UILaunchScreen_Generation = YES;
				INFOPLIST_KEY_UISupportedInterfaceOrientations_iPad = "UIInterfaceOrientationPortrait UIInterfaceOrientationPortraitUpsideDown UIInterfaceOrientationLandscapeLeft UIInterfaceOrientationLandscapeRight";
				INFOPLIST_KEY_UISupportedInterfaceOrientations_iPhone = "UIInterfaceOrientationPortrait UIInterfaceOrientationLandscapeLeft UIInterfaceOrientationLandscapeRight";
				INFOPLIST_KEY_UISupportsDocumentBrowser = YES;
				LD_RUNPATH_SEARCH_PATHS = (
					"$(inherited)",
					"@executable_path/Frameworks",
				);
				MARKETING_VERSION = 0.5;
				PRODUCT_BUNDLE_IDENTIFIER = com.jcgatica.OneRepMax;
				PRODUCT_NAME = "$(TARGET_NAME)";
				SWIFT_EMIT_LOC_STRINGS = YES;
				SWIFT_VERSION = 5.0;
				TARGETED_DEVICE_FAMILY = "1,2";
			};
			name = Release;
		};
		C43475CE2C1B84C600C7C557 /* Debug */ = {
			isa = XCBuildConfiguration;
			buildSettings = {
				ALWAYS_EMBED_SWIFT_STANDARD_LIBRARIES = YES;
				BUNDLE_LOADER = "$(TEST_HOST)";
				CODE_SIGN_STYLE = Automatic;
				CURRENT_PROJECT_VERSION = 1;
				DEVELOPMENT_TEAM = RZKCFGH3X3;
				GENERATE_INFOPLIST_FILE = YES;
				IPHONEOS_DEPLOYMENT_TARGET = 17.5;
				MARKETING_VERSION = 1.0;
				PRODUCT_BUNDLE_IDENTIFIER = com.jcgatica.OneRepMaxTests;
				PRODUCT_NAME = "$(TARGET_NAME)";
				SWIFT_EMIT_LOC_STRINGS = NO;
				SWIFT_VERSION = 5.0;
				TARGETED_DEVICE_FAMILY = "1,2";
				TEST_HOST = "$(BUILT_PRODUCTS_DIR)/OneRepMax.app/$(BUNDLE_EXECUTABLE_FOLDER_PATH)/OneRepMax";
			};
			name = Debug;
		};
		C43475CF2C1B84C600C7C557 /* Release */ = {
			isa = XCBuildConfiguration;
			buildSettings = {
				ALWAYS_EMBED_SWIFT_STANDARD_LIBRARIES = YES;
				BUNDLE_LOADER = "$(TEST_HOST)";
				CODE_SIGN_STYLE = Automatic;
				CURRENT_PROJECT_VERSION = 1;
				DEVELOPMENT_TEAM = RZKCFGH3X3;
				GENERATE_INFOPLIST_FILE = YES;
				IPHONEOS_DEPLOYMENT_TARGET = 17.5;
				MARKETING_VERSION = 1.0;
				PRODUCT_BUNDLE_IDENTIFIER = com.jcgatica.OneRepMaxTests;
				PRODUCT_NAME = "$(TARGET_NAME)";
				SWIFT_EMIT_LOC_STRINGS = NO;
				SWIFT_VERSION = 5.0;
				TARGETED_DEVICE_FAMILY = "1,2";
				TEST_HOST = "$(BUILT_PRODUCTS_DIR)/OneRepMax.app/$(BUNDLE_EXECUTABLE_FOLDER_PATH)/OneRepMax";
			};
			name = Release;
		};
		C43475D12C1B84C600C7C557 /* Debug */ = {
			isa = XCBuildConfiguration;
			buildSettings = {
				ALWAYS_EMBED_SWIFT_STANDARD_LIBRARIES = YES;
				CLANG_ENABLE_MODULES = YES;
				CODE_SIGN_STYLE = Automatic;
				CURRENT_PROJECT_VERSION = 1;
				DEVELOPMENT_TEAM = RZKCFGH3X3;
				GENERATE_INFOPLIST_FILE = YES;
				MARKETING_VERSION = 1.0;
				PRODUCT_BUNDLE_IDENTIFIER = com.jcgatica.OneRepMaxUITests;
				PRODUCT_NAME = "$(TARGET_NAME)";
				SWIFT_EMIT_LOC_STRINGS = NO;
				SWIFT_OPTIMIZATION_LEVEL = "-Onone";
				SWIFT_VERSION = 5.0;
				TARGETED_DEVICE_FAMILY = "1,2";
				TEST_TARGET_NAME = OneRepMax;
			};
			name = Debug;
		};
		C43475D22C1B84C600C7C557 /* Release */ = {
			isa = XCBuildConfiguration;
			buildSettings = {
				ALWAYS_EMBED_SWIFT_STANDARD_LIBRARIES = YES;
				CLANG_ENABLE_MODULES = YES;
				CODE_SIGN_STYLE = Automatic;
				CURRENT_PROJECT_VERSION = 1;
				DEVELOPMENT_TEAM = RZKCFGH3X3;
				GENERATE_INFOPLIST_FILE = YES;
				MARKETING_VERSION = 1.0;
				PRODUCT_BUNDLE_IDENTIFIER = com.jcgatica.OneRepMaxUITests;
				PRODUCT_NAME = "$(TARGET_NAME)";
				SWIFT_EMIT_LOC_STRINGS = NO;
				SWIFT_VERSION = 5.0;
				TARGETED_DEVICE_FAMILY = "1,2";
				TEST_TARGET_NAME = OneRepMax;
			};
			name = Release;
		};
/* End XCBuildConfiguration section */

/* Begin XCConfigurationList section */
		C434759E2C1B84C500C7C557 /* Build configuration list for PBXProject "OneRepMax" */ = {
			isa = XCConfigurationList;
			buildConfigurations = (
				C43475C82C1B84C600C7C557 /* Debug */,
				C43475C92C1B84C600C7C557 /* Release */,
			);
			defaultConfigurationIsVisible = 0;
			defaultConfigurationName = Release;
		};
		C43475CA2C1B84C600C7C557 /* Build configuration list for PBXNativeTarget "OneRepMax" */ = {
			isa = XCConfigurationList;
			buildConfigurations = (
				C43475CB2C1B84C600C7C557 /* Debug */,
				C43475CC2C1B84C600C7C557 /* Release */,
			);
			defaultConfigurationIsVisible = 0;
			defaultConfigurationName = Release;
		};
		C43475CD2C1B84C600C7C557 /* Build configuration list for PBXNativeTarget "OneRepMaxTests" */ = {
			isa = XCConfigurationList;
			buildConfigurations = (
				C43475CE2C1B84C600C7C557 /* Debug */,
				C43475CF2C1B84C600C7C557 /* Release */,
			);
			defaultConfigurationIsVisible = 0;
			defaultConfigurationName = Release;
		};
		C43475D02C1B84C600C7C557 /* Build configuration list for PBXNativeTarget "OneRepMaxUITests" */ = {
			isa = XCConfigurationList;
			buildConfigurations = (
				C43475D12C1B84C600C7C557 /* Debug */,
				C43475D22C1B84C600C7C557 /* Release */,
			);
			defaultConfigurationIsVisible = 0;
			defaultConfigurationName = Release;
		};
/* End XCConfigurationList section */

/* Begin XCRemoteSwiftPackageReference section */
		C43475E12C1DF0C600C7C557 /* XCRemoteSwiftPackageReference "swift-algorithms" */ = {
			isa = XCRemoteSwiftPackageReference;
			repositoryURL = "https://github.com/apple/swift-algorithms.git";
			requirement = {
				kind = upToNextMajorVersion;
				minimumVersion = 1.2.0;
			};
		};
/* End XCRemoteSwiftPackageReference section */

/* Begin XCSwiftPackageProductDependency section */
		C43475E22C1DF52100C7C557 /* Algorithms */ = {
			isa = XCSwiftPackageProductDependency;
			package = C43475E12C1DF0C600C7C557 /* XCRemoteSwiftPackageReference "swift-algorithms" */;
			productName = Algorithms;
		};
		C43475E52C1DF8D500C7C557 /* Algorithms */ = {
			isa = XCSwiftPackageProductDependency;
			package = C43475E12C1DF0C600C7C557 /* XCRemoteSwiftPackageReference "swift-algorithms" */;
			productName = Algorithms;
		};
/* End XCSwiftPackageProductDependency section */
	};
	rootObject = C434759B2C1B84C500C7C557 /* Project object */;
}
